
Microsoft Visual Studio Solution File, Format Version 12.00
# Visual Studio 2012
Project("{8BC9CEB8-8B4A-11D0-8D11-00A0C91BC942}") = "FastoreCore", "FastoreCore\FastoreCore.vcxproj", "{15EB3934-3C4F-450A-B1A4-88E8216A396B}"
	ProjectSection(ProjectDependencies) = postProject
		{FE3749E8-3D88-4D85-A3D9-CAAF9CB5431E} = {FE3749E8-3D88-4D85-A3D9-CAAF9CB5431E}
	EndProjectSection
EndProject
Project("{2150E333-8FDC-42A3-9474-1A3956D46DE8}") = "Solution Items", "Solution Items", "{75A6BE6A-214E-432C-89BE-0E075369A1DE}"
	ProjectSection(SolutionItems) = preProject
		Comm.thrift = Comm.thrift
		Server.thrift = Server.thrift
	EndProjectSection
EndProject
Project("{2150E333-8FDC-42A3-9474-1A3956D46DE8}") = "Testing", "Testing", "{DC376C21-AAD2-467E-BB51-9A089E507151}"
EndProject
Project("{8BC9CEB8-8B4A-11D0-8D11-00A0C91BC942}") = "FastoreCore.Test", "..\Testing\FastoreCore.Test\FastoreCore.Test.vcxproj", "{04A3E346-A100-4ED8-8CB2-3295DE028C22}"
	ProjectSection(ProjectDependencies) = postProject
		{15EB3934-3C4F-450A-B1A4-88E8216A396B} = {15EB3934-3C4F-450A-B1A4-88E8216A396B}
	EndProjectSection
EndProject
Project("{8BC9CEB8-8B4A-11D0-8D11-00A0C91BC942}") = "FastoreService", "FastoreService\FastoreService.vcxproj", "{8B661664-3CFA-4152-ABD0-8EC85DD9E4B4}"
	ProjectSection(ProjectDependencies) = postProject
		{15EB3934-3C4F-450A-B1A4-88E8216A396B} = {15EB3934-3C4F-450A-B1A4-88E8216A396B}
		{FE3749E8-3D88-4D85-A3D9-CAAF9CB5431E} = {FE3749E8-3D88-4D85-A3D9-CAAF9CB5431E}
	EndProjectSection
EndProject
Project("{8BC9CEB8-8B4A-11D0-8D11-00A0C91BC942}") = "FastoreShell", "FastoreShell\FastoreShell.vcxproj", "{D38E1BBD-1972-451E-B28C-372EEBDFB047}"
	ProjectSection(ProjectDependencies) = postProject
		{77FD310C-DECD-4913-90F4-F1BB76C69AA7} = {77FD310C-DECD-4913-90F4-F1BB76C69AA7}
		{5538C4A0-C1A6-46F4-A38D-AFB32DA6C33D} = {5538C4A0-C1A6-46F4-A38D-AFB32DA6C33D}
		{71CA22A1-136F-43EE-B8AB-29EFCE7776A0} = {71CA22A1-136F-43EE-B8AB-29EFCE7776A0}
		{FE3749E8-3D88-4D85-A3D9-CAAF9CB5431E} = {FE3749E8-3D88-4D85-A3D9-CAAF9CB5431E}
	EndProjectSection
EndProject
Project("{8BC9CEB8-8B4A-11D0-8D11-00A0C91BC942}") = "FastoreClient", "FastoreClient\FastoreClient.vcxproj", "{71CA22A1-136F-43EE-B8AB-29EFCE7776A0}"
	ProjectSection(ProjectDependencies) = postProject
		{FE3749E8-3D88-4D85-A3D9-CAAF9CB5431E} = {FE3749E8-3D88-4D85-A3D9-CAAF9CB5431E}
	EndProjectSection
EndProject
Project("{8BC9CEB8-8B4A-11D0-8D11-00A0C91BC942}") = "FastoreProvider", "FastoreProvider\FastoreProvider.vcxproj", "{4D85216E-82BA-40B6-A0E2-676CB0DA638A}"
	ProjectSection(ProjectDependencies) = postProject
		{77FD310C-DECD-4913-90F4-F1BB76C69AA7} = {77FD310C-DECD-4913-90F4-F1BB76C69AA7}
		{5538C4A0-C1A6-46F4-A38D-AFB32DA6C33D} = {5538C4A0-C1A6-46F4-A38D-AFB32DA6C33D}
		{71CA22A1-136F-43EE-B8AB-29EFCE7776A0} = {71CA22A1-136F-43EE-B8AB-29EFCE7776A0}
		{FE3749E8-3D88-4D85-A3D9-CAAF9CB5431E} = {FE3749E8-3D88-4D85-A3D9-CAAF9CB5431E}
	EndProjectSection
EndProject
Project("{8BC9CEB8-8B4A-11D0-8D11-00A0C91BC942}") = "FastoreModule", "FastoreModule\FastoreModule.vcxproj", "{5538C4A0-C1A6-46F4-A38D-AFB32DA6C33D}"
	ProjectSection(ProjectDependencies) = postProject
		{71CA22A1-136F-43EE-B8AB-29EFCE7776A0} = {71CA22A1-136F-43EE-B8AB-29EFCE7776A0}
		{FE3749E8-3D88-4D85-A3D9-CAAF9CB5431E} = {FE3749E8-3D88-4D85-A3D9-CAAF9CB5431E}
	EndProjectSection
EndProject
Project("{FAE04EC0-301F-11D3-BF4B-00C04F79EFBC}") = "Fastore.Data", "Fastore.Data\Fastore.Data.csproj", "{9194764D-A87D-400D-B5C4-51F904C22117}"
	ProjectSection(ProjectDependencies) = postProject
		{4D85216E-82BA-40B6-A0E2-676CB0DA638A} = {4D85216E-82BA-40B6-A0E2-676CB0DA638A}
	EndProjectSection
EndProject
Project("{FAE04EC0-301F-11D3-BF4B-00C04F79EFBC}") = "Fastore.Data.Test", "Fastore.Data.Test\Fastore.Data.Test.csproj", "{6CE0B6C9-A273-4056-A6E0-7C03DDB2142E}"
EndProject
Project("{FAE04EC0-301F-11D3-BF4B-00C04F79EFBC}") = "Fastore.Core.Demo2", "Fastore.Core.Demo2\Fastore.Core.Demo2.csproj", "{ECED1EB2-BF0A-400C-AA14-C5AB78FCDFC9}"
EndProject
Project("{8BC9CEB8-8B4A-11D0-8D11-00A0C91BC942}") = "TPCHDriver", "TPCHDriver\TPCHDriver.vcxproj", "{182462A1-3E34-4D80-A7A9-184BD42A0A67}"
	ProjectSection(ProjectDependencies) = postProject
		{4D85216E-82BA-40B6-A0E2-676CB0DA638A} = {4D85216E-82BA-40B6-A0E2-676CB0DA638A}
	EndProjectSection
EndProject
Project("{8BC9CEB8-8B4A-11D0-8D11-00A0C91BC942}") = "FastoreCommon", "FastoreCommon\FastoreCommon.vcxproj", "{FE3749E8-3D88-4D85-A3D9-CAAF9CB5431E}"
EndProject
Project("{8BC9CEB8-8B4A-11D0-8D11-00A0C91BC942}") = "SQLite", "SQLite\SQLite.vcxproj", "{77FD310C-DECD-4913-90F4-F1BB76C69AA7}"
EndProject
Global
	GlobalSection(SubversionScc) = preSolution
		Svn-Managed = True
		Manager = AnkhSVN - Subversion Support for Visual Studio
	EndGlobalSection
	GlobalSection(TestCaseManagementSettings) = postSolution
		CategoryFile = Fastore.vsmdi
	EndGlobalSection
	GlobalSection(SolutionConfigurationPlatforms) = preSolution
		Debug|Any CPU = Debug|Any CPU
		Debug|Mixed Platforms = Debug|Mixed Platforms
		Debug|Win32 = Debug|Win32
		Debug|x64 = Debug|x64
		Release|Any CPU = Release|Any CPU
		Release|Mixed Platforms = Release|Mixed Platforms
		Release|Win32 = Release|Win32
		Release|x64 = Release|x64
	EndGlobalSection
	GlobalSection(ProjectConfigurationPlatforms) = postSolution
		{15EB3934-3C4F-450A-B1A4-88E8216A396B}.Debug|Any CPU.ActiveCfg = Debug|x64
		{15EB3934-3C4F-450A-B1A4-88E8216A396B}.Debug|Mixed Platforms.ActiveCfg = Debug|x64
		{15EB3934-3C4F-450A-B1A4-88E8216A396B}.Debug|Mixed Platforms.Build.0 = Debug|x64
		{15EB3934-3C4F-450A-B1A4-88E8216A396B}.Debug|Win32.ActiveCfg = Debug|x64
		{15EB3934-3C4F-450A-B1A4-88E8216A396B}.Debug|x64.ActiveCfg = Debug|x64
		{15EB3934-3C4F-450A-B1A4-88E8216A396B}.Debug|x64.Build.0 = Debug|x64
		{15EB3934-3C4F-450A-B1A4-88E8216A396B}.Release|Any CPU.ActiveCfg = Release|x64
		{15EB3934-3C4F-450A-B1A4-88E8216A396B}.Release|Mixed Platforms.ActiveCfg = Release|x64
		{15EB3934-3C4F-450A-B1A4-88E8216A396B}.Release|Mixed Platforms.Build.0 = Release|x64
		{15EB3934-3C4F-450A-B1A4-88E8216A396B}.Release|Win32.ActiveCfg = Release|x64
		{15EB3934-3C4F-450A-B1A4-88E8216A396B}.Release|x64.ActiveCfg = Release|x64
		{15EB3934-3C4F-450A-B1A4-88E8216A396B}.Release|x64.Build.0 = Release|x64
		{04A3E346-A100-4ED8-8CB2-3295DE028C22}.Debug|Any CPU.ActiveCfg = Debug|x64
		{04A3E346-A100-4ED8-8CB2-3295DE028C22}.Debug|Mixed Platforms.ActiveCfg = Debug|x64
		{04A3E346-A100-4ED8-8CB2-3295DE028C22}.Debug|Mixed Platforms.Build.0 = Debug|x64
		{04A3E346-A100-4ED8-8CB2-3295DE028C22}.Debug|Win32.ActiveCfg = Debug|x64
		{04A3E346-A100-4ED8-8CB2-3295DE028C22}.Debug|x64.ActiveCfg = Debug|x64
		{04A3E346-A100-4ED8-8CB2-3295DE028C22}.Debug|x64.Build.0 = Debug|x64
		{04A3E346-A100-4ED8-8CB2-3295DE028C22}.Release|Any CPU.ActiveCfg = Release|x64
		{04A3E346-A100-4ED8-8CB2-3295DE028C22}.Release|Mixed Platforms.ActiveCfg = Release|x64
		{04A3E346-A100-4ED8-8CB2-3295DE028C22}.Release|Mixed Platforms.Build.0 = Release|x64
		{04A3E346-A100-4ED8-8CB2-3295DE028C22}.Release|Win32.ActiveCfg = Release|x64
		{04A3E346-A100-4ED8-8CB2-3295DE028C22}.Release|x64.ActiveCfg = Release|x64
		{04A3E346-A100-4ED8-8CB2-3295DE028C22}.Release|x64.Build.0 = Release|x64
		{8B661664-3CFA-4152-ABD0-8EC85DD9E4B4}.Debug|Any CPU.ActiveCfg = Debug|x64
		{8B661664-3CFA-4152-ABD0-8EC85DD9E4B4}.Debug|Mixed Platforms.ActiveCfg = Debug|x64
		{8B661664-3CFA-4152-ABD0-8EC85DD9E4B4}.Debug|Mixed Platforms.Build.0 = Debug|x64
		{8B661664-3CFA-4152-ABD0-8EC85DD9E4B4}.Debug|Win32.ActiveCfg = Debug|x64
		{8B661664-3CFA-4152-ABD0-8EC85DD9E4B4}.Debug|x64.ActiveCfg = Debug|x64
		{8B661664-3CFA-4152-ABD0-8EC85DD9E4B4}.Debug|x64.Build.0 = Debug|x64
		{8B661664-3CFA-4152-ABD0-8EC85DD9E4B4}.Release|Any CPU.ActiveCfg = Release|x64
		{8B661664-3CFA-4152-ABD0-8EC85DD9E4B4}.Release|Mixed Platforms.ActiveCfg = Release|x64
		{8B661664-3CFA-4152-ABD0-8EC85DD9E4B4}.Release|Mixed Platforms.Build.0 = Release|x64
		{8B661664-3CFA-4152-ABD0-8EC85DD9E4B4}.Release|Win32.ActiveCfg = Release|x64
		{8B661664-3CFA-4152-ABD0-8EC85DD9E4B4}.Release|x64.ActiveCfg = Release|x64
		{8B661664-3CFA-4152-ABD0-8EC85DD9E4B4}.Release|x64.Build.0 = Release|x64
		{D38E1BBD-1972-451E-B28C-372EEBDFB047}.Debug|Any CPU.ActiveCfg = Debug|x64
		{D38E1BBD-1972-451E-B28C-372EEBDFB047}.Debug|Mixed Platforms.ActiveCfg = Debug|x64
		{D38E1BBD-1972-451E-B28C-372EEBDFB047}.Debug|Mixed Platforms.Build.0 = Debug|x64
		{D38E1BBD-1972-451E-B28C-372EEBDFB047}.Debug|Win32.ActiveCfg = Debug|x64
		{D38E1BBD-1972-451E-B28C-372EEBDFB047}.Debug|x64.ActiveCfg = Debug|x64
		{D38E1BBD-1972-451E-B28C-372EEBDFB047}.Debug|x64.Build.0 = Debug|x64
		{D38E1BBD-1972-451E-B28C-372EEBDFB047}.Release|Any CPU.ActiveCfg = Release|x64
		{D38E1BBD-1972-451E-B28C-372EEBDFB047}.Release|Mixed Platforms.ActiveCfg = Release|x64
		{D38E1BBD-1972-451E-B28C-372EEBDFB047}.Release|Mixed Platforms.Build.0 = Release|x64
		{D38E1BBD-1972-451E-B28C-372EEBDFB047}.Release|Win32.ActiveCfg = Release|x64
		{D38E1BBD-1972-451E-B28C-372EEBDFB047}.Release|x64.ActiveCfg = Release|x64
		{D38E1BBD-1972-451E-B28C-372EEBDFB047}.Release|x64.Build.0 = Release|x64
		{71CA22A1-136F-43EE-B8AB-29EFCE7776A0}.Debug|Any CPU.ActiveCfg = Debug|x64
		{71CA22A1-136F-43EE-B8AB-29EFCE7776A0}.Debug|Mixed Platforms.ActiveCfg = Debug|x64
		{71CA22A1-136F-43EE-B8AB-29EFCE7776A0}.Debug|Mixed Platforms.Build.0 = Debug|x64
		{71CA22A1-136F-43EE-B8AB-29EFCE7776A0}.Debug|Win32.ActiveCfg = Debug|x64
		{71CA22A1-136F-43EE-B8AB-29EFCE7776A0}.Debug|x64.ActiveCfg = Debug|x64
		{71CA22A1-136F-43EE-B8AB-29EFCE7776A0}.Debug|x64.Build.0 = Debug|x64
		{71CA22A1-136F-43EE-B8AB-29EFCE7776A0}.Release|Any CPU.ActiveCfg = Release|x64
		{71CA22A1-136F-43EE-B8AB-29EFCE7776A0}.Release|Mixed Platforms.ActiveCfg = Release|x64
		{71CA22A1-136F-43EE-B8AB-29EFCE7776A0}.Release|Mixed Platforms.Build.0 = Release|x64
		{71CA22A1-136F-43EE-B8AB-29EFCE7776A0}.Release|Win32.ActiveCfg = Release|x64
		{71CA22A1-136F-43EE-B8AB-29EFCE7776A0}.Release|x64.ActiveCfg = Release|x64
		{71CA22A1-136F-43EE-B8AB-29EFCE7776A0}.Release|x64.Build.0 = Release|x64
		{4D85216E-82BA-40B6-A0E2-676CB0DA638A}.Debug|Any CPU.ActiveCfg = Debug|x64
		{4D85216E-82BA-40B6-A0E2-676CB0DA638A}.Debug|Mixed Platforms.ActiveCfg = Debug|x64
		{4D85216E-82BA-40B6-A0E2-676CB0DA638A}.Debug|Mixed Platforms.Build.0 = Debug|x64
		{4D85216E-82BA-40B6-A0E2-676CB0DA638A}.Debug|Win32.ActiveCfg = Debug|x64
		{4D85216E-82BA-40B6-A0E2-676CB0DA638A}.Debug|x64.ActiveCfg = Debug|x64
		{4D85216E-82BA-40B6-A0E2-676CB0DA638A}.Debug|x64.Build.0 = Debug|x64
		{4D85216E-82BA-40B6-A0E2-676CB0DA638A}.Release|Any CPU.ActiveCfg = Release|x64
		{4D85216E-82BA-40B6-A0E2-676CB0DA638A}.Release|Mixed Platforms.ActiveCfg = Release|x64
		{4D85216E-82BA-40B6-A0E2-676CB0DA638A}.Release|Mixed Platforms.Build.0 = Release|x64
		{4D85216E-82BA-40B6-A0E2-676CB0DA638A}.Release|Win32.ActiveCfg = Release|x64
		{4D85216E-82BA-40B6-A0E2-676CB0DA638A}.Release|x64.ActiveCfg = Release|x64
		{4D85216E-82BA-40B6-A0E2-676CB0DA638A}.Release|x64.Build.0 = Release|x64
		{5538C4A0-C1A6-46F4-A38D-AFB32DA6C33D}.Debug|Any CPU.ActiveCfg = Debug|x64
		{5538C4A0-C1A6-46F4-A38D-AFB32DA6C33D}.Debug|Mixed Platforms.ActiveCfg = Debug|x64
		{5538C4A0-C1A6-46F4-A38D-AFB32DA6C33D}.Debug|Mixed Platforms.Build.0 = Debug|x64
		{5538C4A0-C1A6-46F4-A38D-AFB32DA6C33D}.Debug|Win32.ActiveCfg = Debug|x64
		{5538C4A0-C1A6-46F4-A38D-AFB32DA6C33D}.Debug|x64.ActiveCfg = Debug|x64
		{5538C4A0-C1A6-46F4-A38D-AFB32DA6C33D}.Debug|x64.Build.0 = Debug|x64
		{5538C4A0-C1A6-46F4-A38D-AFB32DA6C33D}.Release|Any CPU.ActiveCfg = Release|x64
		{5538C4A0-C1A6-46F4-A38D-AFB32DA6C33D}.Release|Mixed Platforms.ActiveCfg = Release|x64
		{5538C4A0-C1A6-46F4-A38D-AFB32DA6C33D}.Release|Mixed Platforms.Build.0 = Release|x64
		{5538C4A0-C1A6-46F4-A38D-AFB32DA6C33D}.Release|Win32.ActiveCfg = Release|x64
		{5538C4A0-C1A6-46F4-A38D-AFB32DA6C33D}.Release|x64.ActiveCfg = Release|x64
		{5538C4A0-C1A6-46F4-A38D-AFB32DA6C33D}.Release|x64.Build.0 = Release|x64
		{9194764D-A87D-400D-B5C4-51F904C22117}.Debug|Any CPU.ActiveCfg = Debug|Any CPU
		{9194764D-A87D-400D-B5C4-51F904C22117}.Debug|Any CPU.Build.0 = Debug|Any CPU
		{9194764D-A87D-400D-B5C4-51F904C22117}.Debug|Mixed Platforms.ActiveCfg = Debug|Any CPU
		{9194764D-A87D-400D-B5C4-51F904C22117}.Debug|Mixed Platforms.Build.0 = Debug|Any CPU
		{9194764D-A87D-400D-B5C4-51F904C22117}.Debug|Win32.ActiveCfg = Debug|Any CPU
		{9194764D-A87D-400D-B5C4-51F904C22117}.Debug|x64.ActiveCfg = Debug|Any CPU
		{9194764D-A87D-400D-B5C4-51F904C22117}.Debug|x64.Build.0 = Debug|Any CPU
		{9194764D-A87D-400D-B5C4-51F904C22117}.Release|Any CPU.ActiveCfg = Release|Any CPU
		{9194764D-A87D-400D-B5C4-51F904C22117}.Release|Any CPU.Build.0 = Release|Any CPU
		{9194764D-A87D-400D-B5C4-51F904C22117}.Release|Mixed Platforms.ActiveCfg = Release|Any CPU
		{9194764D-A87D-400D-B5C4-51F904C22117}.Release|Mixed Platforms.Build.0 = Release|Any CPU
		{9194764D-A87D-400D-B5C4-51F904C22117}.Release|Win32.ActiveCfg = Release|Any CPU
		{9194764D-A87D-400D-B5C4-51F904C22117}.Release|x64.ActiveCfg = Release|Any CPU
		{9194764D-A87D-400D-B5C4-51F904C22117}.Release|x64.Build.0 = Release|Any CPU
		{6CE0B6C9-A273-4056-A6E0-7C03DDB2142E}.Debug|Any CPU.ActiveCfg = Debug|Any CPU
		{6CE0B6C9-A273-4056-A6E0-7C03DDB2142E}.Debug|Any CPU.Build.0 = Debug|Any CPU
		{6CE0B6C9-A273-4056-A6E0-7C03DDB2142E}.Debug|Mixed Platforms.ActiveCfg = Debug|Any CPU
		{6CE0B6C9-A273-4056-A6E0-7C03DDB2142E}.Debug|Mixed Platforms.Build.0 = Debug|Any CPU
		{6CE0B6C9-A273-4056-A6E0-7C03DDB2142E}.Debug|Win32.ActiveCfg = Debug|Any CPU
		{6CE0B6C9-A273-4056-A6E0-7C03DDB2142E}.Debug|x64.ActiveCfg = Debug|Any CPU
		{6CE0B6C9-A273-4056-A6E0-7C03DDB2142E}.Debug|x64.Build.0 = Debug|Any CPU
		{6CE0B6C9-A273-4056-A6E0-7C03DDB2142E}.Release|Any CPU.ActiveCfg = Release|Any CPU
		{6CE0B6C9-A273-4056-A6E0-7C03DDB2142E}.Release|Any CPU.Build.0 = Release|Any CPU
		{6CE0B6C9-A273-4056-A6E0-7C03DDB2142E}.Release|Mixed Platforms.ActiveCfg = Release|Any CPU
		{6CE0B6C9-A273-4056-A6E0-7C03DDB2142E}.Release|Mixed Platforms.Build.0 = Release|Any CPU
		{6CE0B6C9-A273-4056-A6E0-7C03DDB2142E}.Release|Win32.ActiveCfg = Release|Any CPU
		{6CE0B6C9-A273-4056-A6E0-7C03DDB2142E}.Release|x64.ActiveCfg = Release|Any CPU
		{ECED1EB2-BF0A-400C-AA14-C5AB78FCDFC9}.Debug|Any CPU.ActiveCfg = Debug|Any CPU
		{ECED1EB2-BF0A-400C-AA14-C5AB78FCDFC9}.Debug|Any CPU.Build.0 = Debug|Any CPU
		{ECED1EB2-BF0A-400C-AA14-C5AB78FCDFC9}.Debug|Mixed Platforms.ActiveCfg = Debug|Any CPU
		{ECED1EB2-BF0A-400C-AA14-C5AB78FCDFC9}.Debug|Mixed Platforms.Build.0 = Debug|Any CPU
		{ECED1EB2-BF0A-400C-AA14-C5AB78FCDFC9}.Debug|Win32.ActiveCfg = Debug|Any CPU
		{ECED1EB2-BF0A-400C-AA14-C5AB78FCDFC9}.Debug|x64.ActiveCfg = Debug|Any CPU
		{ECED1EB2-BF0A-400C-AA14-C5AB78FCDFC9}.Debug|x64.Build.0 = Debug|Any CPU
		{ECED1EB2-BF0A-400C-AA14-C5AB78FCDFC9}.Release|Any CPU.ActiveCfg = Release|Any CPU
		{ECED1EB2-BF0A-400C-AA14-C5AB78FCDFC9}.Release|Any CPU.Build.0 = Release|Any CPU
		{ECED1EB2-BF0A-400C-AA14-C5AB78FCDFC9}.Release|Mixed Platforms.ActiveCfg = Release|Any CPU
		{ECED1EB2-BF0A-400C-AA14-C5AB78FCDFC9}.Release|Mixed Platforms.Build.0 = Release|Any CPU
		{ECED1EB2-BF0A-400C-AA14-C5AB78FCDFC9}.Release|Win32.ActiveCfg = Release|Any CPU
		{ECED1EB2-BF0A-400C-AA14-C5AB78FCDFC9}.Release|x64.ActiveCfg = Release|Any CPU
		{ECED1EB2-BF0A-400C-AA14-C5AB78FCDFC9}.Release|x64.Build.0 = Release|Any CPU
		{182462A1-3E34-4D80-A7A9-184BD42A0A67}.Debug|Any CPU.ActiveCfg = Debug|x64
		{182462A1-3E34-4D80-A7A9-184BD42A0A67}.Debug|Mixed Platforms.ActiveCfg = Debug|x64
		{182462A1-3E34-4D80-A7A9-184BD42A0A67}.Debug|Mixed Platforms.Build.0 = Debug|x64
		{182462A1-3E34-4D80-A7A9-184BD42A0A67}.Debug|Win32.ActiveCfg = Debug|x64
		{182462A1-3E34-4D80-A7A9-184BD42A0A67}.Debug|x64.ActiveCfg = Debug|x64
		{182462A1-3E34-4D80-A7A9-184BD42A0A67}.Debug|x64.Build.0 = Debug|x64
		{182462A1-3E34-4D80-A7A9-184BD42A0A67}.Release|Any CPU.ActiveCfg = Release|x64
		{182462A1-3E34-4D80-A7A9-184BD42A0A67}.Release|Mixed Platforms.ActiveCfg = Release|x64
		{182462A1-3E34-4D80-A7A9-184BD42A0A67}.Release|Mixed Platforms.Build.0 = Release|x64
		{182462A1-3E34-4D80-A7A9-184BD42A0A67}.Release|Win32.ActiveCfg = Release|x64
		{182462A1-3E34-4D80-A7A9-184BD42A0A67}.Release|x64.ActiveCfg = Release|x64
		{182462A1-3E34-4D80-A7A9-184BD42A0A67}.Release|x64.Build.0 = Release|x64
		{FE3749E8-3D88-4D85-A3D9-CAAF9CB5431E}.Debug|Any CPU.ActiveCfg = Debug|x64
		{FE3749E8-3D88-4D85-A3D9-CAAF9CB5431E}.Debug|Mixed Platforms.ActiveCfg = Debug|x64
		{FE3749E8-3D88-4D85-A3D9-CAAF9CB5431E}.Debug|Mixed Platforms.Build.0 = Debug|x64
		{FE3749E8-3D88-4D85-A3D9-CAAF9CB5431E}.Debug|Win32.ActiveCfg = Debug|x64
		{FE3749E8-3D88-4D85-A3D9-CAAF9CB5431E}.Debug|x64.ActiveCfg = Debug|x64
		{FE3749E8-3D88-4D85-A3D9-CAAF9CB5431E}.Debug|x64.Build.0 = Debug|x64
		{FE3749E8-3D88-4D85-A3D9-CAAF9CB5431E}.Release|Any CPU.ActiveCfg = Release|x64
		{FE3749E8-3D88-4D85-A3D9-CAAF9CB5431E}.Release|Mixed Platforms.ActiveCfg = Release|x64
		{FE3749E8-3D88-4D85-A3D9-CAAF9CB5431E}.Release|Mixed Platforms.Build.0 = Release|x64
		{FE3749E8-3D88-4D85-A3D9-CAAF9CB5431E}.Release|Win32.ActiveCfg = Release|x64
		{FE3749E8-3D88-4D85-A3D9-CAAF9CB5431E}.Release|x64.ActiveCfg = Release|x64
		{FE3749E8-3D88-4D85-A3D9-CAAF9CB5431E}.Release|x64.Build.0 = Release|x64
		{77FD310C-DECD-4913-90F4-F1BB76C69AA7}.Debug|Any CPU.ActiveCfg = Debug|x64
		{77FD310C-DECD-4913-90F4-F1BB76C69AA7}.Debug|Mixed Platforms.ActiveCfg = Debug|x64
		{77FD310C-DECD-4913-90F4-F1BB76C69AA7}.Debug|Mixed Platforms.Build.0 = Debug|x64
		{77FD310C-DECD-4913-90F4-F1BB76C69AA7}.Debug|Win32.ActiveCfg = Debug|x64
		{77FD310C-DECD-4913-90F4-F1BB76C69AA7}.Debug|x64.ActiveCfg = Debug|x64
		{77FD310C-DECD-4913-90F4-F1BB76C69AA7}.Debug|x64.Build.0 = Debug|x64
		{77FD310C-DECD-4913-90F4-F1BB76C69AA7}.Release|Any CPU.ActiveCfg = Release|x64
		{77FD310C-DECD-4913-90F4-F1BB76C69AA7}.Release|Mixed Platforms.ActiveCfg = Release|x64
		{77FD310C-DECD-4913-90F4-F1BB76C69AA7}.Release|Mixed Platforms.Build.0 = Release|x64
		{77FD310C-DECD-4913-90F4-F1BB76C69AA7}.Release|Win32.ActiveCfg = Release|x64
		{77FD310C-DECD-4913-90F4-F1BB76C69AA7}.Release|x64.ActiveCfg = Release|x64
		{77FD310C-DECD-4913-90F4-F1BB76C69AA7}.Release|x64.Build.0 = Release|x64
	EndGlobalSection
	GlobalSection(SolutionProperties) = preSolution
		HideSolutionNode = FALSE
	EndGlobalSection
	GlobalSection(NestedProjects) = preSolution
		{04A3E346-A100-4ED8-8CB2-3295DE028C22} = {DC376C21-AAD2-467E-BB51-9A089E507151}
		{6CE0B6C9-A273-4056-A6E0-7C03DDB2142E} = {DC376C21-AAD2-467E-BB51-9A089E507151}
	EndGlobalSection
EndGlobal
