
Microsoft Visual Studio Solution File, Format Version 11.00
# Visual Studio 2010
Project("{8BC9CEB8-8B4A-11D0-8D11-00A0C91BC942}") = "FastoreCore", "FastoreCore\FastoreCore.vcxproj", "{15EB3934-3C4F-450A-B1A4-88E8216A396B}"
EndProject
Project("{2150E333-8FDC-42A3-9474-1A3956D46DE8}") = "Solution Items", "Solution Items", "{75A6BE6A-214E-432C-89BE-0E075369A1DE}"
	ProjectSection(SolutionItems) = preProject
		Performance2.psess = Performance2.psess
	EndProjectSection
EndProject
Project("{8BC9CEB8-8B4A-11D0-8D11-00A0C91BC942}") = "FastoreWrapper", "FastoreWrapper\FastoreWrapper.vcxproj", "{0DB613DB-125A-4299-9EF4-6BEEC78F95F5}"
	ProjectSection(ProjectDependencies) = postProject
		{15EB3934-3C4F-450A-B1A4-88E8216A396B} = {15EB3934-3C4F-450A-B1A4-88E8216A396B}
	EndProjectSection
EndProject
Project("{FAE04EC0-301F-11D3-BF4B-00C04F79EFBC}") = "Fastore.Core.Demo2", "Fastore.Core.Demo2\Fastore.Core.Demo2.csproj", "{ECED1EB2-BF0A-400C-AA14-C5AB78FCDFC9}"
EndProject
Project("{2150E333-8FDC-42A3-9474-1A3956D46DE8}") = "Testing", "Testing", "{DC376C21-AAD2-467E-BB51-9A089E507151}"
EndProject
Project("{8BC9CEB8-8B4A-11D0-8D11-00A0C91BC942}") = "FastoreCore.Test", "..\Testing\FastoreCore.Test\FastoreCore.Test.vcxproj", "{04A3E346-A100-4ED8-8CB2-3295DE028C22}"
	ProjectSection(ProjectDependencies) = postProject
		{15EB3934-3C4F-450A-B1A4-88E8216A396B} = {15EB3934-3C4F-450A-B1A4-88E8216A396B}
	EndProjectSection
EndProject
Global
	GlobalSection(TestCaseManagementSettings) = postSolution
		CategoryFile = Fastore.vsmdi
	EndGlobalSection
	GlobalSection(SolutionConfigurationPlatforms) = preSolution
		Debug|Mixed Platforms = Debug|Mixed Platforms
		Debug|Win32 = Debug|Win32
		Debug|x64 = Debug|x64
		Debug|x86 = Debug|x86
		Release|Mixed Platforms = Release|Mixed Platforms
		Release|Win32 = Release|Win32
		Release|x64 = Release|x64
		Release|x86 = Release|x86
	EndGlobalSection
	GlobalSection(ProjectConfigurationPlatforms) = postSolution
		{15EB3934-3C4F-450A-B1A4-88E8216A396B}.Debug|Mixed Platforms.ActiveCfg = Debug|Win32
		{15EB3934-3C4F-450A-B1A4-88E8216A396B}.Debug|Mixed Platforms.Build.0 = Debug|Win32
		{15EB3934-3C4F-450A-B1A4-88E8216A396B}.Debug|Win32.ActiveCfg = Debug|Win32
		{15EB3934-3C4F-450A-B1A4-88E8216A396B}.Debug|Win32.Build.0 = Debug|Win32
		{15EB3934-3C4F-450A-B1A4-88E8216A396B}.Debug|x64.ActiveCfg = Debug|x64
		{15EB3934-3C4F-450A-B1A4-88E8216A396B}.Debug|x64.Build.0 = Debug|x64
		{15EB3934-3C4F-450A-B1A4-88E8216A396B}.Debug|x86.ActiveCfg = Debug|Win32
		{15EB3934-3C4F-450A-B1A4-88E8216A396B}.Debug|x86.Build.0 = Debug|Win32
		{15EB3934-3C4F-450A-B1A4-88E8216A396B}.Release|Mixed Platforms.ActiveCfg = Release|Win32
		{15EB3934-3C4F-450A-B1A4-88E8216A396B}.Release|Mixed Platforms.Build.0 = Release|Win32
		{15EB3934-3C4F-450A-B1A4-88E8216A396B}.Release|Win32.ActiveCfg = Release|Win32
		{15EB3934-3C4F-450A-B1A4-88E8216A396B}.Release|Win32.Build.0 = Release|Win32
		{15EB3934-3C4F-450A-B1A4-88E8216A396B}.Release|x64.ActiveCfg = Release|x64
		{15EB3934-3C4F-450A-B1A4-88E8216A396B}.Release|x64.Build.0 = Release|x64
		{15EB3934-3C4F-450A-B1A4-88E8216A396B}.Release|x86.ActiveCfg = Release|Win32
		{15EB3934-3C4F-450A-B1A4-88E8216A396B}.Release|x86.Build.0 = Release|Win32
		{0DB613DB-125A-4299-9EF4-6BEEC78F95F5}.Debug|Mixed Platforms.ActiveCfg = Debug|Win32
		{0DB613DB-125A-4299-9EF4-6BEEC78F95F5}.Debug|Mixed Platforms.Build.0 = Debug|Win32
		{0DB613DB-125A-4299-9EF4-6BEEC78F95F5}.Debug|Win32.ActiveCfg = Debug|Win32
		{0DB613DB-125A-4299-9EF4-6BEEC78F95F5}.Debug|Win32.Build.0 = Debug|Win32
		{0DB613DB-125A-4299-9EF4-6BEEC78F95F5}.Debug|x64.ActiveCfg = Debug|x64
		{0DB613DB-125A-4299-9EF4-6BEEC78F95F5}.Debug|x86.ActiveCfg = Debug|Win32
		{0DB613DB-125A-4299-9EF4-6BEEC78F95F5}.Debug|x86.Build.0 = Debug|Win32
		{0DB613DB-125A-4299-9EF4-6BEEC78F95F5}.Release|Mixed Platforms.ActiveCfg = Release|Win32
		{0DB613DB-125A-4299-9EF4-6BEEC78F95F5}.Release|Mixed Platforms.Build.0 = Release|Win32
		{0DB613DB-125A-4299-9EF4-6BEEC78F95F5}.Release|Win32.ActiveCfg = Release|Win32
		{0DB613DB-125A-4299-9EF4-6BEEC78F95F5}.Release|Win32.Build.0 = Release|Win32
		{0DB613DB-125A-4299-9EF4-6BEEC78F95F5}.Release|x64.ActiveCfg = Release|x64
		{0DB613DB-125A-4299-9EF4-6BEEC78F95F5}.Release|x64.Build.0 = Release|x64
		{0DB613DB-125A-4299-9EF4-6BEEC78F95F5}.Release|x86.ActiveCfg = Release|Win32
		{0DB613DB-125A-4299-9EF4-6BEEC78F95F5}.Release|x86.Build.0 = Release|Win32
		{ECED1EB2-BF0A-400C-AA14-C5AB78FCDFC9}.Debug|Mixed Platforms.ActiveCfg = Debug|x86
		{ECED1EB2-BF0A-400C-AA14-C5AB78FCDFC9}.Debug|Mixed Platforms.Build.0 = Debug|x86
		{ECED1EB2-BF0A-400C-AA14-C5AB78FCDFC9}.Debug|Win32.ActiveCfg = Debug|x64
		{ECED1EB2-BF0A-400C-AA14-C5AB78FCDFC9}.Debug|x64.ActiveCfg = Debug|x64
		{ECED1EB2-BF0A-400C-AA14-C5AB78FCDFC9}.Debug|x64.Build.0 = Debug|x64
		{ECED1EB2-BF0A-400C-AA14-C5AB78FCDFC9}.Debug|x86.ActiveCfg = Debug|x86
		{ECED1EB2-BF0A-400C-AA14-C5AB78FCDFC9}.Debug|x86.Build.0 = Debug|x86
		{ECED1EB2-BF0A-400C-AA14-C5AB78FCDFC9}.Release|Mixed Platforms.ActiveCfg = Release|x86
		{ECED1EB2-BF0A-400C-AA14-C5AB78FCDFC9}.Release|Mixed Platforms.Build.0 = Release|x86
		{ECED1EB2-BF0A-400C-AA14-C5AB78FCDFC9}.Release|Win32.ActiveCfg = Release|x64
		{ECED1EB2-BF0A-400C-AA14-C5AB78FCDFC9}.Release|x64.ActiveCfg = Release|Any CPU
		{ECED1EB2-BF0A-400C-AA14-C5AB78FCDFC9}.Release|x86.ActiveCfg = Release|x86
		{ECED1EB2-BF0A-400C-AA14-C5AB78FCDFC9}.Release|x86.Build.0 = Release|x86
		{04A3E346-A100-4ED8-8CB2-3295DE028C22}.Debug|Mixed Platforms.ActiveCfg = Debug|Win32
		{04A3E346-A100-4ED8-8CB2-3295DE028C22}.Debug|Mixed Platforms.Build.0 = Debug|Win32
		{04A3E346-A100-4ED8-8CB2-3295DE028C22}.Debug|Win32.ActiveCfg = Debug|Win32
		{04A3E346-A100-4ED8-8CB2-3295DE028C22}.Debug|Win32.Build.0 = Debug|Win32
		{04A3E346-A100-4ED8-8CB2-3295DE028C22}.Debug|x64.ActiveCfg = Debug|Win32
		{04A3E346-A100-4ED8-8CB2-3295DE028C22}.Debug|x86.ActiveCfg = Debug|Win32
		{04A3E346-A100-4ED8-8CB2-3295DE028C22}.Release|Mixed Platforms.ActiveCfg = Release|Win32
		{04A3E346-A100-4ED8-8CB2-3295DE028C22}.Release|Mixed Platforms.Build.0 = Release|Win32
		{04A3E346-A100-4ED8-8CB2-3295DE028C22}.Release|Win32.ActiveCfg = Release|Win32
		{04A3E346-A100-4ED8-8CB2-3295DE028C22}.Release|Win32.Build.0 = Release|Win32
		{04A3E346-A100-4ED8-8CB2-3295DE028C22}.Release|x64.ActiveCfg = Release|Win32
		{04A3E346-A100-4ED8-8CB2-3295DE028C22}.Release|x86.ActiveCfg = Release|Win32
	EndGlobalSection
	GlobalSection(SolutionProperties) = preSolution
		HideSolutionNode = FALSE
	EndGlobalSection
	GlobalSection(NestedProjects) = preSolution
		{04A3E346-A100-4ED8-8CB2-3295DE028C22} = {DC376C21-AAD2-467E-BB51-9A089E507151}
	EndGlobalSection
EndGlobal
